
Microsoft Visual Studio Solution File, Format Version 12.00
# Visual Studio Version 17
VisualStudioVersion = 17.4.33122.133
MinimumVisualStudioVersion = 10.0.40219.1
Project("{FAE04EC0-301F-11D3-BF4B-00C04F79EFBC}") = "Client", "Client\Client.csproj", "{8BB604FD-678F-4196-B6C0-E67CB8B20FAC}"
EndProject
Project("{FAE04EC0-301F-11D3-BF4B-00C04F79EFBC}") = "Server", "Server\Server.csproj", "{A7010229-BF02-4F61-97E4-6045BF8D597F}"
EndProject
Global
	GlobalSection(SolutionConfigurationPlatforms) = preSolution
		Debug|Any CPU = Debug|Any CPU
		Release|Any CPU = Release|Any CPU
	EndGlobalSection
	GlobalSection(ProjectConfigurationPlatforms) = postSolution
		{8BB604FD-678F-4196-B6C0-E67CB8B20FAC}.Debug|Any CPU.ActiveCfg = Debug|Any CPU
		{8BB604FD-678F-4196-B6C0-E67CB8B20FAC}.Debug|Any CPU.Build.0 = Debug|Any CPU
		{8BB604FD-678F-4196-B6C0-E67CB8B20FAC}.Release|Any CPU.ActiveCfg = Release|Any CPU
		{8BB604FD-678F-4196-B6C0-E67CB8B20FAC}.Release|Any CPU.Build.0 = Release|Any CPU
		{A7010229-BF02-4F61-97E4-6045BF8D597F}.Debug|Any CPU.ActiveCfg = Debug|Any CPU
		{A7010229-BF02-4F61-97E4-6045BF8D597F}.Debug|Any CPU.Build.0 = Debug|Any CPU
		{A7010229-BF02-4F61-97E4-6045BF8D597F}.Release|Any CPU.ActiveCfg = Release|Any CPU
		{A7010229-BF02-4F61-97E4-6045BF8D597F}.Release|Any CPU.Build.0 = Release|Any CPU
	EndGlobalSection
	GlobalSection(SolutionProperties) = preSolution
		HideSolutionNode = FALSE
	EndGlobalSection
	GlobalSection(ExtensibilityGlobals) = postSolution
		SolutionGuid = {9DC234C5-0250-44CF-8780-0D3BF46EDB1B}
	EndGlobalSection
EndGlobal
